
Microsoft Visual Studio Solution File, Format Version 12.00
# Visual Studio 14
VisualStudioVersion = 14.0.25420.1
MinimumVisualStudioVersion = 10.0.40219.1
Project("{2150E333-8FDC-42A3-9474-1A3956D46DE8}") = "Solution Items", "Solution Items", "{85AE8873-FB8C-4F53-850F-142945CB038B}"
	ProjectSection(SolutionItems) = preProject
		AssemblyInfo.cs = AssemblyInfo.cs
	EndProjectSection
EndProject
Project("{FAE04EC0-301F-11D3-BF4B-00C04F79EFBC}") = "KDCLLC.Common.Logging.EntLib60", "KDCLLC.Common.Logging.EntLib60\KDCLLC.Common.Logging.EntLib60.csproj", "{153CCD3C-2362-4BC8-A9DE-7F4F345F4AE3}"
EndProject
Project("{FAE04EC0-301F-11D3-BF4B-00C04F79EFBC}") = "KDCLLC.Common.Logging.EntLib60.4.5", "KDCLLC.Common.Logging.EntLib60.4.5\KDCLLC.Common.Logging.EntLib60.4.5.csproj", "{11ED0C41-2C7D-44BB-935A-4343092A3DB3}"
EndProject
Project("{FF286327-C783-4F7A-AB73-9BCBAD0D4460}") = "NugetPackage", "NugetPackage\NugetPackage.nuproj", "{0B569AA0-A035-497F-BFE6-52FD647818CD}"
EndProject
Global
	GlobalSection(SolutionConfigurationPlatforms) = preSolution
		Debug|Any CPU = Debug|Any CPU
		Release|Any CPU = Release|Any CPU
	EndGlobalSection
	GlobalSection(ProjectConfigurationPlatforms) = postSolution
		{153CCD3C-2362-4BC8-A9DE-7F4F345F4AE3}.Debug|Any CPU.ActiveCfg = Debug|Any CPU
		{153CCD3C-2362-4BC8-A9DE-7F4F345F4AE3}.Debug|Any CPU.Build.0 = Debug|Any CPU
		{153CCD3C-2362-4BC8-A9DE-7F4F345F4AE3}.Release|Any CPU.ActiveCfg = Release|Any CPU
		{153CCD3C-2362-4BC8-A9DE-7F4F345F4AE3}.Release|Any CPU.Build.0 = Release|Any CPU
		{11ED0C41-2C7D-44BB-935A-4343092A3DB3}.Debug|Any CPU.ActiveCfg = Debug|Any CPU
		{11ED0C41-2C7D-44BB-935A-4343092A3DB3}.Debug|Any CPU.Build.0 = Debug|Any CPU
		{11ED0C41-2C7D-44BB-935A-4343092A3DB3}.Release|Any CPU.ActiveCfg = Release|Any CPU
		{11ED0C41-2C7D-44BB-935A-4343092A3DB3}.Release|Any CPU.Build.0 = Release|Any CPU
		{0B569AA0-A035-497F-BFE6-52FD647818CD}.Debug|Any CPU.ActiveCfg = Debug|Any CPU
		{0B569AA0-A035-497F-BFE6-52FD647818CD}.Debug|Any CPU.Build.0 = Debug|Any CPU
		{0B569AA0-A035-497F-BFE6-52FD647818CD}.Release|Any CPU.ActiveCfg = Release|Any CPU
		{0B569AA0-A035-497F-BFE6-52FD647818CD}.Release|Any CPU.Build.0 = Release|Any CPU
	EndGlobalSection
	GlobalSection(SolutionProperties) = preSolution
		HideSolutionNode = FALSE
	EndGlobalSection
	GlobalSection(ExtensibilityGlobals) = postSolution
		EnterpriseLibraryConfigurationToolBinariesPathV6 = packages\EnterpriseLibrary.Common.6.0.1304.0\lib\NET45;packages\EnterpriseLibrary.Logging.6.0.1304.0\lib\NET45
	EndGlobalSection
EndGlobal
